// !$*UTF8*$!
{
	archiveVersion = 1;
	classes = {
	};
	objectVersion = 56;
	objects = {

/* Begin PBXBuildFile section */
		17472CBF28D255940021B0A9 /* ImageClassificationExampleApp.swift in Sources */ = {isa = PBXBuildFile; fileRef = 17472CBE28D255940021B0A9 /* ImageClassificationExampleApp.swift */; };
		17472CC128D255940021B0A9 /* ContentView.swift in Sources */ = {isa = PBXBuildFile; fileRef = 17472CC028D255940021B0A9 /* ContentView.swift */; };
		17472CC328D255950021B0A9 /* Assets.xcassets in Resources */ = {isa = PBXBuildFile; fileRef = 17472CC228D255950021B0A9 /* Assets.xcassets */; };
		17472CC628D255950021B0A9 /* Preview Assets.xcassets in Resources */ = {isa = PBXBuildFile; fileRef = 17472CC528D255950021B0A9 /* Preview Assets.xcassets */; };
		17472CD028D255950021B0A9 /* ImageClassificationExampleTests.swift in Sources */ = {isa = PBXBuildFile; fileRef = 17472CCF28D255950021B0A9 /* ImageClassificationExampleTests.swift */; };
		17472CDA28D255950021B0A9 /* ImageClassificationExampleUITests.swift in Sources */ = {isa = PBXBuildFile; fileRef = 17472CD928D255950021B0A9 /* ImageClassificationExampleUITests.swift */; };
		17472CDC28D255950021B0A9 /* ImageClassificationExampleUITestsLaunchTests.swift in Sources */ = {isa = PBXBuildFile; fileRef = 17472CDB28D255950021B0A9 /* ImageClassificationExampleUITestsLaunchTests.swift */; };
		17472CE928D255A40021B0A9 /* ImagePicker.swift in Sources */ = {isa = PBXBuildFile; fileRef = 17472CE828D255A40021B0A9 /* ImagePicker.swift */; };
		17472CEB28D255E70021B0A9 /* ContentViewModel.swift in Sources */ = {isa = PBXBuildFile; fileRef = 17472CEA28D255E70021B0A9 /* ContentViewModel.swift */; };
		17472CED28D25A4D0021B0A9 /* ClassificationService.swift in Sources */ = {isa = PBXBuildFile; fileRef = 17472CEC28D25A4D0021B0A9 /* ClassificationService.swift */; };
		17472CEF28D25C150021B0A9 /* MobileNetV2.mlmodel in Sources */ = {isa = PBXBuildFile; fileRef = 17472CEE28D25C150021B0A9 /* MobileNetV2.mlmodel */; };
/* End PBXBuildFile section */

/* Begin PBXContainerItemProxy section */
		17472CCC28D255950021B0A9 /* PBXContainerItemProxy */ = {
			isa = PBXContainerItemProxy;
			containerPortal = 17472CB328D255940021B0A9 /* Project object */;
			proxyType = 1;
			remoteGlobalIDString = 17472CBA28D255940021B0A9;
			remoteInfo = ImageClassificationExample;
		};
		17472CD628D255950021B0A9 /* PBXContainerItemProxy */ = {
			isa = PBXContainerItemProxy;
			containerPortal = 17472CB328D255940021B0A9 /* Project object */;
			proxyType = 1;
			remoteGlobalIDString = 17472CBA28D255940021B0A9;
			remoteInfo = ImageClassificationExample;
		};
/* End PBXContainerItemProxy section */

/* Begin PBXFileReference section */
		17472CBB28D255940021B0A9 /* ImageClassificationExample.app */ = {isa = PBXFileReference; explicitFileType = wrapper.application; includeInIndex = 0; path = ImageClassificationExample.app; sourceTree = BUILT_PRODUCTS_DIR; };
		17472CBE28D255940021B0A9 /* ImageClassificationExampleApp.swift */ = {isa = PBXFileReference; lastKnownFileType = sourcecode.swift; path = ImageClassificationExampleApp.swift; sourceTree = "<group>"; };
		17472CC028D255940021B0A9 /* ContentView.swift */ = {isa = PBXFileReference; lastKnownFileType = sourcecode.swift; path = ContentView.swift; sourceTree = "<group>"; };
		17472CC228D255950021B0A9 /* Assets.xcassets */ = {isa = PBXFileReference; lastKnownFileType = folder.assetcatalog; path = Assets.xcassets; sourceTree = "<group>"; };
		17472CC528D255950021B0A9 /* Preview Assets.xcassets */ = {isa = PBXFileReference; lastKnownFileType = folder.assetcatalog; path = "Preview Assets.xcassets"; sourceTree = "<group>"; };
		17472CCB28D255950021B0A9 /* ImageClassificationExampleTests.xctest */ = {isa = PBXFileReference; explicitFileType = wrapper.cfbundle; includeInIndex = 0; path = ImageClassificationExampleTests.xctest; sourceTree = BUILT_PRODUCTS_DIR; };
		17472CCF28D255950021B0A9 /* ImageClassificationExampleTests.swift */ = {isa = PBXFileReference; lastKnownFileType = sourcecode.swift; path = ImageClassificationExampleTests.swift; sourceTree = "<group>"; };
		17472CD528D255950021B0A9 /* ImageClassificationExampleUITests.xctest */ = {isa = PBXFileReference; explicitFileType = wrapper.cfbundle; includeInIndex = 0; path = ImageClassificationExampleUITests.xctest; sourceTree = BUILT_PRODUCTS_DIR; };
		17472CD928D255950021B0A9 /* ImageClassificationExampleUITests.swift */ = {isa = PBXFileReference; lastKnownFileType = sourcecode.swift; path = ImageClassificationExampleUITests.swift; sourceTree = "<group>"; };
		17472CDB28D255950021B0A9 /* ImageClassificationExampleUITestsLaunchTests.swift */ = {isa = PBXFileReference; lastKnownFileType = sourcecode.swift; path = ImageClassificationExampleUITestsLaunchTests.swift; sourceTree = "<group>"; };
		17472CE828D255A40021B0A9 /* ImagePicker.swift */ = {isa = PBXFileReference; lastKnownFileType = sourcecode.swift; path = ImagePicker.swift; sourceTree = "<group>"; };
		17472CEA28D255E70021B0A9 /* ContentViewModel.swift */ = {isa = PBXFileReference; lastKnownFileType = sourcecode.swift; path = ContentViewModel.swift; sourceTree = "<group>"; };
		17472CEC28D25A4D0021B0A9 /* ClassificationService.swift */ = {isa = PBXFileReference; lastKnownFileType = sourcecode.swift; path = ClassificationService.swift; sourceTree = "<group>"; };
		17472CEE28D25C150021B0A9 /* MobileNetV2.mlmodel */ = {isa = PBXFileReference; lastKnownFileType = file.mlmodel; path = MobileNetV2.mlmodel; sourceTree = "<group>"; };
/* End PBXFileReference section */

/* Begin PBXFrameworksBuildPhase section */
		17472CB828D255940021B0A9 /* Frameworks */ = {
			isa = PBXFrameworksBuildPhase;
			buildActionMask = 2147483647;
			files = (
			);
			runOnlyForDeploymentPostprocessing = 0;
		};
		17472CC828D255950021B0A9 /* Frameworks */ = {
			isa = PBXFrameworksBuildPhase;
			buildActionMask = 2147483647;
			files = (
			);
			runOnlyForDeploymentPostprocessing = 0;
		};
		17472CD228D255950021B0A9 /* Frameworks */ = {
			isa = PBXFrameworksBuildPhase;
			buildActionMask = 2147483647;
			files = (
			);
			runOnlyForDeploymentPostprocessing = 0;
		};
/* End PBXFrameworksBuildPhase section */

/* Begin PBXGroup section */
		17472CB228D255940021B0A9 = {
			isa = PBXGroup;
			children = (
				17472CBD28D255940021B0A9 /* ImageClassificationExample */,
				17472CCE28D255950021B0A9 /* ImageClassificationExampleTests */,
				17472CD828D255950021B0A9 /* ImageClassificationExampleUITests */,
				17472CBC28D255940021B0A9 /* Products */,
			);
			sourceTree = "<group>";
		};
		17472CBC28D255940021B0A9 /* Products */ = {
			isa = PBXGroup;
			children = (
				17472CBB28D255940021B0A9 /* ImageClassificationExample.app */,
				17472CCB28D255950021B0A9 /* ImageClassificationExampleTests.xctest */,
				17472CD528D255950021B0A9 /* ImageClassificationExampleUITests.xctest */,
			);
			name = Products;
			sourceTree = "<group>";
		};
		17472CBD28D255940021B0A9 /* ImageClassificationExample */ = {
			isa = PBXGroup;
			children = (
				17472CBE28D255940021B0A9 /* ImageClassificationExampleApp.swift */,
				17472CEE28D25C150021B0A9 /* MobileNetV2.mlmodel */,
				17472CE828D255A40021B0A9 /* ImagePicker.swift */,
				17472CEA28D255E70021B0A9 /* ContentViewModel.swift */,
				17472CC028D255940021B0A9 /* ContentView.swift */,
				17472CEC28D25A4D0021B0A9 /* ClassificationService.swift */,
				17472CC228D255950021B0A9 /* Assets.xcassets */,
				17472CC428D255950021B0A9 /* Preview Content */,
			);
			path = ImageClassificationExample;
			sourceTree = "<group>";
		};
		17472CC428D255950021B0A9 /* Preview Content */ = {
			isa = PBXGroup;
			children = (
				17472CC528D255950021B0A9 /* Preview Assets.xcassets */,
			);
			path = "Preview Content";
			sourceTree = "<group>";
		};
		17472CCE28D255950021B0A9 /* ImageClassificationExampleTests */ = {
			isa = PBXGroup;
			children = (
				17472CCF28D255950021B0A9 /* ImageClassificationExampleTests.swift */,
			);
			path = ImageClassificationExampleTests;
			sourceTree = "<group>";
		};
		17472CD828D255950021B0A9 /* ImageClassificationExampleUITests */ = {
			isa = PBXGroup;
			children = (
				17472CD928D255950021B0A9 /* ImageClassificationExampleUITests.swift */,
				17472CDB28D255950021B0A9 /* ImageClassificationExampleUITestsLaunchTests.swift */,
			);
			path = ImageClassificationExampleUITests;
			sourceTree = "<group>";
		};
/* End PBXGroup section */

/* Begin PBXNativeTarget section */
		17472CBA28D255940021B0A9 /* ImageClassificationExample */ = {
			isa = PBXNativeTarget;
			buildConfigurationList = 17472CDF28D255950021B0A9 /* Build configuration list for PBXNativeTarget "ImageClassificationExample" */;
			buildPhases = (
				17472CB728D255940021B0A9 /* Sources */,
				17472CB828D255940021B0A9 /* Frameworks */,
				17472CB928D255940021B0A9 /* Resources */,
			);
			buildRules = (
			);
			dependencies = (
			);
			name = ImageClassificationExample;
			productName = ImageClassificationExample;
			productReference = 17472CBB28D255940021B0A9 /* ImageClassificationExample.app */;
			productType = "com.apple.product-type.application";
		};
		17472CCA28D255950021B0A9 /* ImageClassificationExampleTests */ = {
			isa = PBXNativeTarget;
			buildConfigurationList = 17472CE228D255950021B0A9 /* Build configuration list for PBXNativeTarget "ImageClassificationExampleTests" */;
			buildPhases = (
				17472CC728D255950021B0A9 /* Sources */,
				17472CC828D255950021B0A9 /* Frameworks */,
				17472CC928D255950021B0A9 /* Resources */,
			);
			buildRules = (
			);
			dependencies = (
				17472CCD28D255950021B0A9 /* PBXTargetDependency */,
			);
			name = ImageClassificationExampleTests;
			productName = ImageClassificationExampleTests;
			productReference = 17472CCB28D255950021B0A9 /* ImageClassificationExampleTests.xctest */;
			productType = "com.apple.product-type.bundle.unit-test";
		};
		17472CD428D255950021B0A9 /* ImageClassificationExampleUITests */ = {
			isa = PBXNativeTarget;
			buildConfigurationList = 17472CE528D255950021B0A9 /* Build configuration list for PBXNativeTarget "ImageClassificationExampleUITests" */;
			buildPhases = (
				17472CD128D255950021B0A9 /* Sources */,
				17472CD228D255950021B0A9 /* Frameworks */,
				17472CD328D255950021B0A9 /* Resources */,
			);
			buildRules = (
			);
			dependencies = (
				17472CD728D255950021B0A9 /* PBXTargetDependency */,
			);
			name = ImageClassificationExampleUITests;
			productName = ImageClassificationExampleUITests;
			productReference = 17472CD528D255950021B0A9 /* ImageClassificationExampleUITests.xctest */;
			productType = "com.apple.product-type.bundle.ui-testing";
		};
/* End PBXNativeTarget section */

/* Begin PBXProject section */
		17472CB328D255940021B0A9 /* Project object */ = {
			isa = PBXProject;
			attributes = {
				BuildIndependentTargetsInParallel = 1;
				LastSwiftUpdateCheck = 1400;
				LastUpgradeCheck = 1400;
				TargetAttributes = {
					17472CBA28D255940021B0A9 = {
						CreatedOnToolsVersion = 14.0;
					};
					17472CCA28D255950021B0A9 = {
						CreatedOnToolsVersion = 14.0;
						TestTargetID = 17472CBA28D255940021B0A9;
					};
					17472CD428D255950021B0A9 = {
						CreatedOnToolsVersion = 14.0;
						TestTargetID = 17472CBA28D255940021B0A9;
					};
				};
			};
			buildConfigurationList = 17472CB628D255940021B0A9 /* Build configuration list for PBXProject "ImageClassificationExample" */;
			compatibilityVersion = "Xcode 14.0";
			developmentRegion = en;
			hasScannedForEncodings = 0;
			knownRegions = (
				en,
				Base,
			);
			mainGroup = 17472CB228D255940021B0A9;
			productRefGroup = 17472CBC28D255940021B0A9 /* Products */;
			projectDirPath = "";
			projectRoot = "";
			targets = (
				17472CBA28D255940021B0A9 /* ImageClassificationExample */,
				17472CCA28D255950021B0A9 /* ImageClassificationExampleTests */,
				17472CD428D255950021B0A9 /* ImageClassificationExampleUITests */,
			);
		};
/* End PBXProject section */

/* Begin PBXResourcesBuildPhase section */
		17472CB928D255940021B0A9 /* Resources */ = {
			isa = PBXResourcesBuildPhase;
			buildActionMask = 2147483647;
			files = (
				17472CC628D255950021B0A9 /* Preview Assets.xcassets in Resources */,
				17472CC328D255950021B0A9 /* Assets.xcassets in Resources */,
			);
			runOnlyForDeploymentPostprocessing = 0;
		};
		17472CC928D255950021B0A9 /* Resources */ = {
			isa = PBXResourcesBuildPhase;
			buildActionMask = 2147483647;
			files = (
			);
			runOnlyForDeploymentPostprocessing = 0;
		};
		17472CD328D255950021B0A9 /* Resources */ = {
			isa = PBXResourcesBuildPhase;
			buildActionMask = 2147483647;
			files = (
			);
			runOnlyForDeploymentPostprocessing = 0;
		};
/* End PBXResourcesBuildPhase section */

/* Begin PBXSourcesBuildPhase section */
		17472CB728D255940021B0A9 /* Sources */ = {
			isa = PBXSourcesBuildPhase;
			buildActionMask = 2147483647;
			files = (
				17472CEF28D25C150021B0A9 /* MobileNetV2.mlmodel in Sources */,
				17472CEB28D255E70021B0A9 /* ContentViewModel.swift in Sources */,
				17472CE928D255A40021B0A9 /* ImagePicker.swift in Sources */,
				17472CC128D255940021B0A9 /* ContentView.swift in Sources */,
				17472CBF28D255940021B0A9 /* ImageClassificationExampleApp.swift in Sources */,
				17472CED28D25A4D0021B0A9 /* ClassificationService.swift in Sources */,
			);
			runOnlyForDeploymentPostprocessing = 0;
		};
		17472CC728D255950021B0A9 /* Sources */ = {
			isa = PBXSourcesBuildPhase;
			buildActionMask = 2147483647;
			files = (
				17472CD028D255950021B0A9 /* ImageClassificationExampleTests.swift in Sources */,
			);
			runOnlyForDeploymentPostprocessing = 0;
		};
		17472CD128D255950021B0A9 /* Sources */ = {
			isa = PBXSourcesBuildPhase;
			buildActionMask = 2147483647;
			files = (
				17472CDA28D255950021B0A9 /* ImageClassificationExampleUITests.swift in Sources */,
				17472CDC28D255950021B0A9 /* ImageClassificationExampleUITestsLaunchTests.swift in Sources */,
			);
			runOnlyForDeploymentPostprocessing = 0;
		};
/* End PBXSourcesBuildPhase section */

/* Begin PBXTargetDependency section */
		17472CCD28D255950021B0A9 /* PBXTargetDependency */ = {
			isa = PBXTargetDependency;
			target = 17472CBA28D255940021B0A9 /* ImageClassificationExample */;
			targetProxy = 17472CCC28D255950021B0A9 /* PBXContainerItemProxy */;
		};
		17472CD728D255950021B0A9 /* PBXTargetDependency */ = {
			isa = PBXTargetDependency;
			target = 17472CBA28D255940021B0A9 /* ImageClassificationExample */;
			targetProxy = 17472CD628D255950021B0A9 /* PBXContainerItemProxy */;
		};
/* End PBXTargetDependency section */

/* Begin XCBuildConfiguration section */
		17472CDD28D255950021B0A9 /* Debug */ = {
			isa = XCBuildConfiguration;
			buildSettings = {
				ALWAYS_SEARCH_USER_PATHS = NO;
				CLANG_ANALYZER_NONNULL = YES;
				CLANG_ANALYZER_NUMBER_OBJECT_CONVERSION = YES_AGGRESSIVE;
				CLANG_CXX_LANGUAGE_STANDARD = "gnu++20";
				CLANG_ENABLE_MODULES = YES;
				CLANG_ENABLE_OBJC_ARC = YES;
				CLANG_ENABLE_OBJC_WEAK = YES;
				CLANG_WARN_BLOCK_CAPTURE_AUTORELEASING = YES;
				CLANG_WARN_BOOL_CONVERSION = YES;
				CLANG_WARN_COMMA = YES;
				CLANG_WARN_CONSTANT_CONVERSION = YES;
				CLANG_WARN_DEPRECATED_OBJC_IMPLEMENTATIONS = YES;
				CLANG_WARN_DIRECT_OBJC_ISA_USAGE = YES_ERROR;
				CLANG_WARN_DOCUMENTATION_COMMENTS = YES;
				CLANG_WARN_EMPTY_BODY = YES;
				CLANG_WARN_ENUM_CONVERSION = YES;
				CLANG_WARN_INFINITE_RECURSION = YES;
				CLANG_WARN_INT_CONVERSION = YES;
				CLANG_WARN_NON_LITERAL_NULL_CONVERSION = YES;
				CLANG_WARN_OBJC_IMPLICIT_RETAIN_SELF = YES;
				CLANG_WARN_OBJC_LITERAL_CONVERSION = YES;
				CLANG_WARN_OBJC_ROOT_CLASS = YES_ERROR;
				CLANG_WARN_QUOTED_INCLUDE_IN_FRAMEWORK_HEADER = YES;
				CLANG_WARN_RANGE_LOOP_ANALYSIS = YES;
				CLANG_WARN_STRICT_PROTOTYPES = YES;
				CLANG_WARN_SUSPICIOUS_MOVE = YES;
				CLANG_WARN_UNGUARDED_AVAILABILITY = YES_AGGRESSIVE;
				CLANG_WARN_UNREACHABLE_CODE = YES;
				CLANG_WARN__DUPLICATE_METHOD_MATCH = YES;
				COPY_PHASE_STRIP = NO;
				DEBUG_INFORMATION_FORMAT = dwarf;
				ENABLE_STRICT_OBJC_MSGSEND = YES;
				ENABLE_TESTABILITY = YES;
				GCC_C_LANGUAGE_STANDARD = gnu11;
				GCC_DYNAMIC_NO_PIC = NO;
				GCC_NO_COMMON_BLOCKS = YES;
				GCC_OPTIMIZATION_LEVEL = 0;
				GCC_PREPROCESSOR_DEFINITIONS = (
					"DEBUG=1",
					"$(inherited)",
				);
				GCC_WARN_64_TO_32_BIT_CONVERSION = YES;
				GCC_WARN_ABOUT_RETURN_TYPE = YES_ERROR;
				GCC_WARN_UNDECLARED_SELECTOR = YES;
				GCC_WARN_UNINITIALIZED_AUTOS = YES_AGGRESSIVE;
				GCC_WARN_UNUSED_FUNCTION = YES;
				GCC_WARN_UNUSED_VARIABLE = YES;
				IPHONEOS_DEPLOYMENT_TARGET = 16.0;
				MTL_ENABLE_DEBUG_INFO = INCLUDE_SOURCE;
				MTL_FAST_MATH = YES;
				ONLY_ACTIVE_ARCH = YES;
				SDKROOT = iphoneos;
				SWIFT_ACTIVE_COMPILATION_CONDITIONS = DEBUG;
				SWIFT_OPTIMIZATION_LEVEL = "-Onone";
			};
			name = Debug;
		};
		17472CDE28D255950021B0A9 /* Release */ = {
			isa = XCBuildConfiguration;
			buildSettings = {
				ALWAYS_SEARCH_USER_PATHS = NO;
				CLANG_ANALYZER_NONNULL = YES;
				CLANG_ANALYZER_NUMBER_OBJECT_CONVERSION = YES_AGGRESSIVE;
				CLANG_CXX_LANGUAGE_STANDARD = "gnu++20";
				CLANG_ENABLE_MODULES = YES;
				CLANG_ENABLE_OBJC_ARC = YES;
				CLANG_ENABLE_OBJC_WEAK = YES;
				CLANG_WARN_BLOCK_CAPTURE_AUTORELEASING = YES;
				CLANG_WARN_BOOL_CONVERSION = YES;
				CLANG_WARN_COMMA = YES;
				CLANG_WARN_CONSTANT_CONVERSION = YES;
				CLANG_WARN_DEPRECATED_OBJC_IMPLEMENTATIONS = YES;
				CLANG_WARN_DIRECT_OBJC_ISA_USAGE = YES_ERROR;
				CLANG_WARN_DOCUMENTATION_COMMENTS = YES;
				CLANG_WARN_EMPTY_BODY = YES;
				CLANG_WARN_ENUM_CONVERSION = YES;
				CLANG_WARN_INFINITE_RECURSION = YES;
				CLANG_WARN_INT_CONVERSION = YES;
				CLANG_WARN_NON_LITERAL_NULL_CONVERSION = YES;
				CLANG_WARN_OBJC_IMPLICIT_RETAIN_SELF = YES;
				CLANG_WARN_OBJC_LITERAL_CONVERSION = YES;
				CLANG_WARN_OBJC_ROOT_CLASS = YES_ERROR;
				CLANG_WARN_QUOTED_INCLUDE_IN_FRAMEWORK_HEADER = YES;
				CLANG_WARN_RANGE_LOOP_ANALYSIS = YES;
				CLANG_WARN_STRICT_PROTOTYPES = YES;
				CLANG_WARN_SUSPICIOUS_MOVE = YES;
				CLANG_WARN_UNGUARDED_AVAILABILITY = YES_AGGRESSIVE;
				CLANG_WARN_UNREACHABLE_CODE = YES;
				CLANG_WARN__DUPLICATE_METHOD_MATCH = YES;
				COPY_PHASE_STRIP = NO;
				DEBUG_INFORMATION_FORMAT = "dwarf-with-dsym";
				ENABLE_NS_ASSERTIONS = NO;
				ENABLE_STRICT_OBJC_MSGSEND = YES;
				GCC_C_LANGUAGE_STANDARD = gnu11;
				GCC_NO_COMMON_BLOCKS = YES;
				GCC_WARN_64_TO_32_BIT_CONVERSION = YES;
				GCC_WARN_ABOUT_RETURN_TYPE = YES_ERROR;
				GCC_WARN_UNDECLARED_SELECTOR = YES;
				GCC_WARN_UNINITIALIZED_AUTOS = YES_AGGRESSIVE;
				GCC_WARN_UNUSED_FUNCTION = YES;
				GCC_WARN_UNUSED_VARIABLE = YES;
				IPHONEOS_DEPLOYMENT_TARGET = 16.0;
				MTL_ENABLE_DEBUG_INFO = NO;
				MTL_FAST_MATH = YES;
				SDKROOT = iphoneos;
				SWIFT_COMPILATION_MODE = wholemodule;
				SWIFT_OPTIMIZATION_LEVEL = "-O";
				VALIDATE_PRODUCT = YES;
			};
			name = Release;
		};
		17472CE028D255950021B0A9 /* Debug */ = {
			isa = XCBuildConfiguration;
			buildSettings = {
				ASSETCATALOG_COMPILER_APPICON_NAME = AppIcon;
				ASSETCATALOG_COMPILER_GLOBAL_ACCENT_COLOR_NAME = AccentColor;
				CODE_SIGN_STYLE = Automatic;
				CURRENT_PROJECT_VERSION = 1;
				DEVELOPMENT_ASSET_PATHS = "\"ImageClassificationExample/Preview Content\"";
				DEVELOPMENT_TEAM = P6D2V789F7;
				ENABLE_PREVIEWS = YES;
				GENERATE_INFOPLIST_FILE = YES;
				INFOPLIST_KEY_UIApplicationSceneManifest_Generation = YES;
				INFOPLIST_KEY_UIApplicationSupportsIndirectInputEvents = YES;
				INFOPLIST_KEY_UILaunchScreen_Generation = YES;
				INFOPLIST_KEY_UISupportedInterfaceOrientations_iPad = "UIInterfaceOrientationPortrait UIInterfaceOrientationPortraitUpsideDown UIInterfaceOrientationLandscapeLeft UIInterfaceOrientationLandscapeRight";
				INFOPLIST_KEY_UISupportedInterfaceOrientations_iPhone = "UIInterfaceOrientationPortrait UIInterfaceOrientationLandscapeLeft UIInterfaceOrientationLandscapeRight";
				LD_RUNPATH_SEARCH_PATHS = (
					"$(inherited)",
					"@executable_path/Frameworks",
				);
				MARKETING_VERSION = 1.0;
				PRODUCT_BUNDLE_IDENTIFIER = com.hoyelam.ImageClassificationExample;
				PRODUCT_NAME = "$(TARGET_NAME)";
				SWIFT_EMIT_LOC_STRINGS = YES;
				SWIFT_VERSION = 5.0;
				TARGETED_DEVICE_FAMILY = "1,2";
			};
			name = Debug;
		};
		17472CE128D255950021B0A9 /* Release */ = {
			isa = XCBuildConfiguration;
			buildSettings = {
				ASSETCATALOG_COMPILER_APPICON_NAME = AppIcon;
				ASSETCATALOG_COMPILER_GLOBAL_ACCENT_COLOR_NAME = AccentColor;
				CODE_SIGN_STYLE = Automatic;
				CURRENT_PROJECT_VERSION = 1;
				DEVELOPMENT_ASSET_PATHS = "\"ImageClassificationExample/Preview Content\"";
				DEVELOPMENT_TEAM = P6D2V789F7;
				ENABLE_PREVIEWS = YES;
				GENERATE_INFOPLIST_FILE = YES;
				INFOPLIST_KEY_UIApplicationSceneManifest_Generation = YES;
				INFOPLIST_KEY_UIApplicationSupportsIndirectInputEvents = YES;
				INFOPLIST_KEY_UILaunchScreen_Generation = YES;
				INFOPLIST_KEY_UISupportedInterfaceOrientations_iPad = "UIInterfaceOrientationPortrait UIInterfaceOrientationPortraitUpsideDown UIInterfaceOrientationLandscapeLeft UIInterfaceOrientationLandscapeRight";
				INFOPLIST_KEY_UISupportedInterfaceOrientations_iPhone = "UIInterfaceOrientationPortrait UIInterfaceOrientationLandscapeLeft UIInterfaceOrientationLandscapeRight";
				LD_RUNPATH_SEARCH_PATHS = (
					"$(inherited)",
					"@executable_path/Frameworks",
				);
				MARKETING_VERSION = 1.0;
				PRODUCT_BUNDLE_IDENTIFIER = com.hoyelam.ImageClassificationExample;
				PRODUCT_NAME = "$(TARGET_NAME)";
				SWIFT_EMIT_LOC_STRINGS = YES;
				SWIFT_VERSION = 5.0;
				TARGETED_DEVICE_FAMILY = "1,2";
			};
			name = Release;
		};
		17472CE328D255950021B0A9 /* Debug */ = {
			isa = XCBuildConfiguration;
			buildSettings = {
				ALWAYS_EMBED_SWIFT_STANDARD_LIBRARIES = YES;
				BUNDLE_LOADER = "$(TEST_HOST)";
				CODE_SIGN_STYLE = Automatic;
				CURRENT_PROJECT_VERSION = 1;
				DEVELOPMENT_TEAM = P6D2V789F7;
				GENERATE_INFOPLIST_FILE = YES;
				IPHONEOS_DEPLOYMENT_TARGET = 16.0;
				MARKETING_VERSION = 1.0;
				PRODUCT_BUNDLE_IDENTIFIER = com.hoyelam.ImageClassificationExampleTests;
				PRODUCT_NAME = "$(TARGET_NAME)";
				SWIFT_EMIT_LOC_STRINGS = NO;
				SWIFT_VERSION = 5.0;
				TARGETED_DEVICE_FAMILY = "1,2";
				TEST_HOST = "$(BUILT_PRODUCTS_DIR)/ImageClassificationExample.app/$(BUNDLE_EXECUTABLE_FOLDER_PATH)/ImageClassificationExample";
			};
			name = Debug;
		};
		17472CE428D255950021B0A9 /* Release */ = {
			isa = XCBuildConfiguration;
			buildSettings = {
				ALWAYS_EMBED_SWIFT_STANDARD_LIBRARIES = YES;
				BUNDLE_LOADER = "$(TEST_HOST)";
				CODE_SIGN_STYLE = Automatic;
				CURRENT_PROJECT_VERSION = 1;
				DEVELOPMENT_TEAM = P6D2V789F7;
				GENERATE_INFOPLIST_FILE = YES;
				IPHONEOS_DEPLOYMENT_TARGET = 16.0;
				MARKETING_VERSION = 1.0;
				PRODUCT_BUNDLE_IDENTIFIER = com.hoyelam.ImageClassificationExampleTests;
				PRODUCT_NAME = "$(TARGET_NAME)";
				SWIFT_EMIT_LOC_STRINGS = NO;
				SWIFT_VERSION = 5.0;
				TARGETED_DEVICE_FAMILY = "1,2";
				TEST_HOST = "$(BUILT_PRODUCTS_DIR)/ImageClassificationExample.app/$(BUNDLE_EXECUTABLE_FOLDER_PATH)/ImageClassificationExample";
			};
			name = Release;
		};
		17472CE628D255950021B0A9 /* Debug */ = {
			isa = XCBuildConfiguration;
			buildSettings = {
				ALWAYS_EMBED_SWIFT_STANDARD_LIBRARIES = YES;
				CODE_SIGN_STYLE = Automatic;
				CURRENT_PROJECT_VERSION = 1;
				DEVELOPMENT_TEAM = P6D2V789F7;
				GENERATE_INFOPLIST_FILE = YES;
				MARKETING_VERSION = 1.0;
				PRODUCT_BUNDLE_IDENTIFIER = com.hoyelam.ImageClassificationExampleUITests;
				PRODUCT_NAME = "$(TARGET_NAME)";
				SWIFT_EMIT_LOC_STRINGS = NO;
				SWIFT_VERSION = 5.0;
				TARGETED_DEVICE_FAMILY = "1,2";
				TEST_TARGET_NAME = ImageClassificationExample;
			};
			name = Debug;
		};
		17472CE728D255950021B0A9 /* Release */ = {
			isa = XCBuildConfiguration;
			buildSettings = {
				ALWAYS_EMBED_SWIFT_STANDARD_LIBRARIES = YES;
				CODE_SIGN_STYLE = Automatic;
				CURRENT_PROJECT_VERSION = 1;
				DEVELOPMENT_TEAM = P6D2V789F7;
				GENERATE_INFOPLIST_FILE = YES;
				MARKETING_VERSION = 1.0;
				PRODUCT_BUNDLE_IDENTIFIER = com.hoyelam.ImageClassificationExampleUITests;
				PRODUCT_NAME = "$(TARGET_NAME)";
				SWIFT_EMIT_LOC_STRINGS = NO;
				SWIFT_VERSION = 5.0;
				TARGETED_DEVICE_FAMILY = "1,2";
				TEST_TARGET_NAME = ImageClassificationExample;
			};
			name = Release;
		};
/* End XCBuildConfiguration section */

/* Begin XCConfigurationList section */
		17472CB628D255940021B0A9 /* Build configuration list for PBXProject "ImageClassificationExample" */ = {
			isa = XCConfigurationList;
			buildConfigurations = (
				17472CDD28D255950021B0A9 /* Debug */,
				17472CDE28D255950021B0A9 /* Release */,
			);
			defaultConfigurationIsVisible = 0;
			defaultConfigurationName = Release;
		};
		17472CDF28D255950021B0A9 /* Build configuration list for PBXNativeTarget "ImageClassificationExample" */ = {
			isa = XCConfigurationList;
			buildConfigurations = (
				17472CE028D255950021B0A9 /* Debug */,
				17472CE128D255950021B0A9 /* Release */,
			);
			defaultConfigurationIsVisible = 0;
			defaultConfigurationName = Release;
		};
		17472CE228D255950021B0A9 /* Build configuration list for PBXNativeTarget "ImageClassificationExampleTests" */ = {
			isa = XCConfigurationList;
			buildConfigurations = (
				17472CE328D255950021B0A9 /* Debug */,
				17472CE428D255950021B0A9 /* Release */,
			);
			defaultConfigurationIsVisible = 0;
			defaultConfigurationName = Release;
		};
		17472CE528D255950021B0A9 /* Build configuration list for PBXNativeTarget "ImageClassificationExampleUITests" */ = {
			isa = XCConfigurationList;
			buildConfigurations = (
				17472CE628D255950021B0A9 /* Debug */,
				17472CE728D255950021B0A9 /* Release */,
			);
			defaultConfigurationIsVisible = 0;
			defaultConfigurationName = Release;
		};
/* End XCConfigurationList section */
	};
	rootObject = 17472CB328D255940021B0A9 /* Project object */;
}
